{
  "name": "@doop/service-morph",
  "version": "1.0.0",
  "lockfileVersion": 2,
  "requires": true,
  "packages": {
    "": {
      "version": "1.0.0",
      "license": "MIT",
      "dependencies": {
        "quasar": "^2.0.3"
      }
    },
    "node_modules/quasar": {
      "version": "2.0.3",
      "resolved": "https://registry.npmjs.org/quasar/-/quasar-2.0.3.tgz",
      "integrity": "sha512-saAyRZjPZCJE0mSBPDyfOiXIb9HkGaBQpTluTvTpNhvfcGMbwIWEnJ0fPzfnDIQqcZjbUjlSktAZrrAVayUM9Q==",
      "engines": {
        "node": ">= 10.18.1",
        "npm": ">= 6.13.4",
        "yarn": ">= 1.21.1"
      },
      "funding": {
        "type": "github",
        "url": "https://donate.quasar.dev"
      }
    }
  },
  "dependencies": {
    "quasar": {
      "version": "2.0.3",
      "resolved": "https://registry.npmjs.org/quasar/-/quasar-2.0.3.tgz",
      "integrity": "sha512-saAyRZjPZCJE0mSBPDyfOiXIb9HkGaBQpTluTvTpNhvfcGMbwIWEnJ0fPzfnDIQqcZjbUjlSktAZrrAVayUM9Q=="
    }
  }
}
